# This file is @generated by PDM.
# It is not intended for manual editing.

[metadata]
groups = ["default"]
strategy = ["cross_platform", "inherit_metadata"]
lock_version = "4.4.1"
content_hash = "sha256:afb4957c52b825561c9f42b1b166fbb928f3d201e326c9690cce91707329f9e8"

[[package]]
name = "evdev"
version = "1.7.0"
requires_python = ">=3.6"
summary = "Bindings to the Linux input handling subsystem"
groups = ["default"]
files = [
    {file = "evdev-1.7.0.tar.gz", hash = "sha256:95bd2a1e0c6ce2cd7a2ecc6e6cd9736ff794b3ad5cb54d81d8cbc2e414d0b870"},
]
